
Microsoft Visual Studio Solution File, Format Version 12.00
# Visual Studio Version 17
VisualStudioVersion = 17.4.33103.184
MinimumVisualStudioVersion = 10.0.40219.1
Project("{FAE04EC0-301F-11D3-BF4B-00C04F79EFBC}") = "DamageModifiers", "DamageModifiers.csproj", "{34D4EC88-98A8-415B-A9A4-3675491DF8BE}"
EndProject
Global
	GlobalSection(SolutionConfigurationPlatforms) = preSolution
		Debug|Any CPU = Debug|Any CPU
		Debug|x64 = Debug|x64
		Release|Any CPU = Release|Any CPU
		Release|x64 = Release|x64
	EndGlobalSection
	GlobalSection(ProjectConfigurationPlatforms) = postSolution
		{34D4EC88-98A8-415B-A9A4-3675491DF8BE}.Debug|Any CPU.ActiveCfg = Debug|Any CPU
		{34D4EC88-98A8-415B-A9A4-3675491DF8BE}.Debug|Any CPU.Build.0 = Debug|Any CPU
		{34D4EC88-98A8-415B-A9A4-3675491DF8BE}.Debug|x64.ActiveCfg = Debug|x64
		{34D4EC88-98A8-415B-A9A4-3675491DF8BE}.Debug|x64.Build.0 = Debug|x64
		{34D4EC88-98A8-415B-A9A4-3675491DF8BE}.Release|Any CPU.ActiveCfg = Release|Any CPU
		{34D4EC88-98A8-415B-A9A4-3675491DF8BE}.Release|Any CPU.Build.0 = Release|Any CPU
		{34D4EC88-98A8-415B-A9A4-3675491DF8BE}.Release|x64.ActiveCfg = Release|x64
		{34D4EC88-98A8-415B-A9A4-3675491DF8BE}.Release|x64.Build.0 = Release|x64
	EndGlobalSection
	GlobalSection(SolutionProperties) = preSolution
		HideSolutionNode = FALSE
	EndGlobalSection
	GlobalSection(ExtensibilityGlobals) = postSolution
		SolutionGuid = {CD6D4769-665D-4314-AFD5-5F78508569DA}
	EndGlobalSection
EndGlobal
